
Microsoft Visual Studio Solution File, Format Version 12.00
# Visual Studio Version 17
VisualStudioVersion = 17.5.33502.453
MinimumVisualStudioVersion = 10.0.40219.1
Project("{FAE04EC0-301F-11D3-BF4B-00C04F79EFBC}") = "ConsoleUI", "ConsoleUI\ConsoleUI.csproj", "{754B528B-9561-4801-921B-3FD64F9D90E4}"
EndProject
Project("{FAE04EC0-301F-11D3-BF4B-00C04F79EFBC}") = "DemoLibrary", "DemoLibrary\DemoLibrary.csproj", "{EDB3D750-1423-4999-8482-66A15D3EF860}"
EndProject
Global
	GlobalSection(SolutionConfigurationPlatforms) = preSolution
		Debug|Any CPU = Debug|Any CPU
		Release|Any CPU = Release|Any CPU
	EndGlobalSection
	GlobalSection(ProjectConfigurationPlatforms) = postSolution
		{754B528B-9561-4801-921B-3FD64F9D90E4}.Debug|Any CPU.ActiveCfg = Debug|Any CPU
		{754B528B-9561-4801-921B-3FD64F9D90E4}.Debug|Any CPU.Build.0 = Debug|Any CPU
		{754B528B-9561-4801-921B-3FD64F9D90E4}.Release|Any CPU.ActiveCfg = Release|Any CPU
		{754B528B-9561-4801-921B-3FD64F9D90E4}.Release|Any CPU.Build.0 = Release|Any CPU
		{EDB3D750-1423-4999-8482-66A15D3EF860}.Debug|Any CPU.ActiveCfg = Debug|Any CPU
		{EDB3D750-1423-4999-8482-66A15D3EF860}.Debug|Any CPU.Build.0 = Debug|Any CPU
		{EDB3D750-1423-4999-8482-66A15D3EF860}.Release|Any CPU.ActiveCfg = Release|Any CPU
		{EDB3D750-1423-4999-8482-66A15D3EF860}.Release|Any CPU.Build.0 = Release|Any CPU
	EndGlobalSection
	GlobalSection(SolutionProperties) = preSolution
		HideSolutionNode = FALSE
	EndGlobalSection
	GlobalSection(ExtensibilityGlobals) = postSolution
		SolutionGuid = {6CE8E801-77D1-449F-91BF-4CA1EF682079}
	EndGlobalSection
EndGlobal
